// !$*UTF8*$!
{
	archiveVersion = 1;
	classes = {
	};
	objectVersion = 56;
	objects = {

/* Begin PBXBuildFile section */
		6E1F003D2B68DD9300EF388A /* AppDelegate.swift in Sources */ = {isa = PBXBuildFile; fileRef = 6E1F003C2B68DD9300EF388A /* AppDelegate.swift */; };
		6E1F003F2B68DD9300EF388A /* SceneDelegate.swift in Sources */ = {isa = PBXBuildFile; fileRef = 6E1F003E2B68DD9300EF388A /* SceneDelegate.swift */; };
		6E1F00462B68DD9400EF388A /* Assets.xcassets in Resources */ = {isa = PBXBuildFile; fileRef = 6E1F00452B68DD9400EF388A /* Assets.xcassets */; };
		6E1F00492B68DD9400EF388A /* LaunchScreen.storyboard in Resources */ = {isa = PBXBuildFile; fileRef = 6E1F00472B68DD9400EF388A /* LaunchScreen.storyboard */; };
		6E1F00622B68E4DD00EF388A /* TVRouter.swift in Sources */ = {isa = PBXBuildFile; fileRef = 6E1F00612B68E4DD00EF388A /* TVRouter.swift */; };
		6E5148482B68E8EE00D5E3E0 /* TrendRouter.swift in Sources */ = {isa = PBXBuildFile; fileRef = 6E5148472B68E8EE00D5E3E0 /* TrendRouter.swift */; };
		6E51484C2B68EB0300D5E3E0 /* Router.swift in Sources */ = {isa = PBXBuildFile; fileRef = 6E51484B2B68EB0300D5E3E0 /* Router.swift */; };
		6E51484F2B68EC3A00D5E3E0 /* Configurator+.swift in Sources */ = {isa = PBXBuildFile; fileRef = 6E51484E2B68EC3A00D5E3E0 /* Configurator+.swift */; };
		6E5148532B690ED600D5E3E0 /* APIKey.swift in Sources */ = {isa = PBXBuildFile; fileRef = 6E5148522B690ED600D5E3E0 /* APIKey.swift */; };
		6E5148582B69111A00D5E3E0 /* BaseViewController.swift in Sources */ = {isa = PBXBuildFile; fileRef = 6E5148572B69111A00D5E3E0 /* BaseViewController.swift */; };
		6E51485A2B69176D00D5E3E0 /* BaseTableViewCell.swift in Sources */ = {isa = PBXBuildFile; fileRef = 6E5148592B69176D00D5E3E0 /* BaseTableViewCell.swift */; };
		6E51485C2B69196200D5E3E0 /* BaseCollectionViewCell.swift in Sources */ = {isa = PBXBuildFile; fileRef = 6E51485B2B69196200D5E3E0 /* BaseCollectionViewCell.swift */; };
		6E5148602B691A6D00D5E3E0 /* HomeViewController.swift in Sources */ = {isa = PBXBuildFile; fileRef = 6E51485F2B691A6D00D5E3E0 /* HomeViewController.swift */; };
		6E5148682B693D5B00D5E3E0 /* RouterManager.swift in Sources */ = {isa = PBXBuildFile; fileRef = 6E5148672B693D5B00D5E3E0 /* RouterManager.swift */; };
		6E51486B2B693E1B00D5E3E0 /* Model.swift in Sources */ = {isa = PBXBuildFile; fileRef = 6E51486A2B693E1B00D5E3E0 /* Model.swift */; };
		6E51486E2B693F5200D5E3E0 /* Constant.swift in Sources */ = {isa = PBXBuildFile; fileRef = 6E51486D2B693F5200D5E3E0 /* Constant.swift */; };
		6E5148702B69418E00D5E3E0 /* TV.swift in Sources */ = {isa = PBXBuildFile; fileRef = 6E51486F2B69418E00D5E3E0 /* TV.swift */; };
		6E5148722B69456200D5E3E0 /* APIManager.swift in Sources */ = {isa = PBXBuildFile; fileRef = 6E5148712B69456200D5E3E0 /* APIManager.swift */; };
		6E5148742B69496000D5E3E0 /* DTO.swift in Sources */ = {isa = PBXBuildFile; fileRef = 6E5148732B69496000D5E3E0 /* DTO.swift */; };
		6E51487A2B69516200D5E3E0 /* PosterImageView.swift in Sources */ = {isa = PBXBuildFile; fileRef = 6E5148792B69516200D5E3E0 /* PosterImageView.swift */; };
		6E51487C2B6951AD00D5E3E0 /* PrimaryLabel.swift in Sources */ = {isa = PBXBuildFile; fileRef = 6E51487B2B6951AD00D5E3E0 /* PrimaryLabel.swift */; };
		6E51487E2B69526B00D5E3E0 /* SecondaryLabel.swift in Sources */ = {isa = PBXBuildFile; fileRef = 6E51487D2B69526B00D5E3E0 /* SecondaryLabel.swift */; };
		6E5148802B6952D300D5E3E0 /* UIView.swift in Sources */ = {isa = PBXBuildFile; fileRef = 6E51487F2B6952D300D5E3E0 /* UIView.swift */; };
		6E5148932B6A1C9D00D5E3E0 /* CoordinatorError.swift in Sources */ = {isa = PBXBuildFile; fileRef = 6E5148922B6A1C9D00D5E3E0 /* CoordinatorError.swift */; };
		6E5148952B6A1CD000D5E3E0 /* AppError.swift in Sources */ = {isa = PBXBuildFile; fileRef = 6E5148942B6A1CD000D5E3E0 /* AppError.swift */; };
		6E5148982B6A1CFC00D5E3E0 /* LogManager.swift in Sources */ = {isa = PBXBuildFile; fileRef = 6E5148972B6A1CFC00D5E3E0 /* LogManager.swift */; };
		6E51489A2B6A286900D5E3E0 /* AFError+.swift in Sources */ = {isa = PBXBuildFile; fileRef = 6E5148992B6A286900D5E3E0 /* AFError+.swift */; };
		6E51489C2B6A2A2400D5E3E0 /* Coordinator.swift in Sources */ = {isa = PBXBuildFile; fileRef = 6E51489B2B6A2A2400D5E3E0 /* Coordinator.swift */; };
		6E51489E2B6A2A7700D5E3E0 /* UIAlertController+.swift in Sources */ = {isa = PBXBuildFile; fileRef = 6E51489D2B6A2A7700D5E3E0 /* UIAlertController+.swift */; };
		6E5148A12B6A318600D5E3E0 /* MainTabBarCoordinator.swift in Sources */ = {isa = PBXBuildFile; fileRef = 6E5148A02B6A318600D5E3E0 /* MainTabBarCoordinator.swift */; };
		6E5148A32B6A318D00D5E3E0 /* MainTabBarPage.swift in Sources */ = {isa = PBXBuildFile; fileRef = 6E5148A22B6A318D00D5E3E0 /* MainTabBarPage.swift */; };
		6E5148A52B6A33B800D5E3E0 /* AppCoordinator.swift in Sources */ = {isa = PBXBuildFile; fileRef = 6E5148A42B6A33B800D5E3E0 /* AppCoordinator.swift */; };
		6E5148A82B6A36EE00D5E3E0 /* HomeCoordinator.swift in Sources */ = {isa = PBXBuildFile; fileRef = 6E5148A72B6A36EE00D5E3E0 /* HomeCoordinator.swift */; };
		6E9520D72B6E758500AFED18 /* String+.swift in Sources */ = {isa = PBXBuildFile; fileRef = 6E9520D62B6E758500AFED18 /* String+.swift */; };
		6E9520D92B6E766500AFED18 /* UIViewController+.swift in Sources */ = {isa = PBXBuildFile; fileRef = 6E9520D82B6E766500AFED18 /* UIViewController+.swift */; };
		6E9520DB2B6E7B9A00AFED18 /* Cast.swift in Sources */ = {isa = PBXBuildFile; fileRef = 6E9520DA2B6E7B9A00AFED18 /* Cast.swift */; };
		6E9520DE2B6E8DA000AFED18 /* CastCollectionViewCell.swift in Sources */ = {isa = PBXBuildFile; fileRef = 6E9520DD2B6E8DA000AFED18 /* CastCollectionViewCell.swift */; };
		6E9520E02B6F320200AFED18 /* DisplayableCollection.swift in Sources */ = {isa = PBXBuildFile; fileRef = 6E9520DF2B6F320200AFED18 /* DisplayableCollection.swift */; };
		6E9520E22B6FDE4800AFED18 /* Array+.swift in Sources */ = {isa = PBXBuildFile; fileRef = 6E9520E12B6FDE4800AFED18 /* Array+.swift */; };
		6E9520E52B6FDF9700AFED18 /* Collection.swift in Sources */ = {isa = PBXBuildFile; fileRef = 6E9520E42B6FDF9700AFED18 /* Collection.swift */; };
		6E9520E92B6FE43900AFED18 /* TVDetailCoordinator.swift in Sources */ = {isa = PBXBuildFile; fileRef = 6E9520E82B6FE43900AFED18 /* TVDetailCoordinator.swift */; };
		6E9520EF2B70B34A00AFED18 /* Kingfisher in Frameworks */ = {isa = PBXBuildFile; productRef = 6E9520EE2B70B34A00AFED18 /* Kingfisher */; };
		6E9520F22B70B35400AFED18 /* Alamofire in Frameworks */ = {isa = PBXBuildFile; productRef = 6E9520F12B70B35400AFED18 /* Alamofire */; };
		6E9520F52B70B35E00AFED18 /* SnapKit in Frameworks */ = {isa = PBXBuildFile; productRef = 6E9520F42B70B35E00AFED18 /* SnapKit */; };
		6E9521002B70B91800AFED18 /* SnapKit-Dynamic in Frameworks */ = {isa = PBXBuildFile; productRef = 6E9520FF2B70B91800AFED18 /* SnapKit-Dynamic */; };
		6E9521012B70B91800AFED18 /* SnapKit-Dynamic in Embed Frameworks */ = {isa = PBXBuildFile; productRef = 6E9520FF2B70B91800AFED18 /* SnapKit-Dynamic */; settings = {ATTRIBUTES = (CodeSignOnCopy, ); }; };
		6E9521032B70BCB100AFED18 /* SessionAPIManager.swift in Sources */ = {isa = PBXBuildFile; fileRef = 6E9521022B70BCB100AFED18 /* SessionAPIManager.swift */; };
		6E9521052B70CFF400AFED18 /* GCDManager.swift in Sources */ = {isa = PBXBuildFile; fileRef = 6E9521042B70CFF400AFED18 /* GCDManager.swift */; };
		6EB692D92B6A3DB300EFA959 /* SearchRouter.swift in Sources */ = {isa = PBXBuildFile; fileRef = 6EB692D82B6A3DB300EFA959 /* SearchRouter.swift */; };
		6EB692DC2B6A531300EFA959 /* SearchCoordinator.swift in Sources */ = {isa = PBXBuildFile; fileRef = 6EB692DB2B6A531300EFA959 /* SearchCoordinator.swift */; };
		6EB692DE2B6A536300EFA959 /* SearchViewController.swift in Sources */ = {isa = PBXBuildFile; fileRef = 6EB692DD2B6A536300EFA959 /* SearchViewController.swift */; };
		6EB692E22B6A5EB300EFA959 /* SearchTVTableViewCell.swift in Sources */ = {isa = PBXBuildFile; fileRef = 6EB692E12B6A5EB300EFA959 /* SearchTVTableViewCell.swift */; };
		6EB692E72B6B172600EFA959 /* TVDetailViewController.swift in Sources */ = {isa = PBXBuildFile; fileRef = 6EB692E62B6B172600EFA959 /* TVDetailViewController.swift */; };
		6EB692EB2B6B180C00EFA959 /* BaseView.swift in Sources */ = {isa = PBXBuildFile; fileRef = 6EB692EA2B6B180C00EFA959 /* BaseView.swift */; };
		6EB692F72B6BB73400EFA959 /* TVDetail.swift in Sources */ = {isa = PBXBuildFile; fileRef = 6EB692F62B6BB73400EFA959 /* TVDetail.swift */; };
		6EB692F92B6BB8B000EFA959 /* TVSummaryView.swift in Sources */ = {isa = PBXBuildFile; fileRef = 6EB692F82B6BB8B000EFA959 /* TVSummaryView.swift */; };
		6EB692FF2B6BBA0A00EFA959 /* UIControllable.swift in Sources */ = {isa = PBXBuildFile; fileRef = 6EB692FE2B6BBA0A00EFA959 /* UIControllable.swift */; };
		6EB693012B6BBB2700EFA959 /* TertiaryLabel.swift in Sources */ = {isa = PBXBuildFile; fileRef = 6EB693002B6BBB2700EFA959 /* TertiaryLabel.swift */; };
		6EB693032B6BC68F00EFA959 /* UIImageView+.swift in Sources */ = {isa = PBXBuildFile; fileRef = 6EB693022B6BC68F00EFA959 /* UIImageView+.swift */; };
		6EB693082B6BF79300EFA959 /* TVCollectionViewCell.swift in Sources */ = {isa = PBXBuildFile; fileRef = 6EB693062B6BF79300EFA959 /* TVCollectionViewCell.swift */; };
		6EB693092B6BF79300EFA959 /* CollectionTableViewCell.swift in Sources */ = {isa = PBXBuildFile; fileRef = 6EB693072B6BF79300EFA959 /* CollectionTableViewCell.swift */; };
/* End PBXBuildFile section */

/* Begin PBXCopyFilesBuildPhase section */
		6E9520F92B70B37B00AFED18 /* Embed Frameworks */ = {
			isa = PBXCopyFilesBuildPhase;
			buildActionMask = 2147483647;
			dstPath = "";
			dstSubfolderSpec = 10;
			files = (
				6E9521012B70B91800AFED18 /* SnapKit-Dynamic in Embed Frameworks */,
			);
			name = "Embed Frameworks";
			runOnlyForDeploymentPostprocessing = 0;
		};
/* End PBXCopyFilesBuildPhase section */

/* Begin PBXFileReference section */
		6E1F00392B68DD9300EF388A /* SeSAC-Mission-Media.app */ = {isa = PBXFileReference; explicitFileType = wrapper.application; includeInIndex = 0; path = "SeSAC-Mission-Media.app"; sourceTree = BUILT_PRODUCTS_DIR; };
		6E1F003C2B68DD9300EF388A /* AppDelegate.swift */ = {isa = PBXFileReference; lastKnownFileType = sourcecode.swift; path = AppDelegate.swift; sourceTree = "<group>"; };
		6E1F003E2B68DD9300EF388A /* SceneDelegate.swift */ = {isa = PBXFileReference; lastKnownFileType = sourcecode.swift; path = SceneDelegate.swift; sourceTree = "<group>"; };
		6E1F00452B68DD9400EF388A /* Assets.xcassets */ = {isa = PBXFileReference; lastKnownFileType = folder.assetcatalog; path = Assets.xcassets; sourceTree = "<group>"; };
		6E1F00482B68DD9400EF388A /* Base */ = {isa = PBXFileReference; lastKnownFileType = file.storyboard; name = Base; path = Base.lproj/LaunchScreen.storyboard; sourceTree = "<group>"; };
		6E1F004A2B68DD9400EF388A /* Info.plist */ = {isa = PBXFileReference; lastKnownFileType = text.plist.xml; path = Info.plist; sourceTree = "<group>"; };
		6E1F00612B68E4DD00EF388A /* TVRouter.swift */ = {isa = PBXFileReference; lastKnownFileType = sourcecode.swift; path = TVRouter.swift; sourceTree = "<group>"; };
		6E5148472B68E8EE00D5E3E0 /* TrendRouter.swift */ = {isa = PBXFileReference; lastKnownFileType = sourcecode.swift; path = TrendRouter.swift; sourceTree = "<group>"; };
		6E51484B2B68EB0300D5E3E0 /* Router.swift */ = {isa = PBXFileReference; lastKnownFileType = sourcecode.swift; path = Router.swift; sourceTree = "<group>"; };
		6E51484E2B68EC3A00D5E3E0 /* Configurator+.swift */ = {isa = PBXFileReference; lastKnownFileType = sourcecode.swift; path = "Configurator+.swift"; sourceTree = "<group>"; };
		6E5148522B690ED600D5E3E0 /* APIKey.swift */ = {isa = PBXFileReference; lastKnownFileType = sourcecode.swift; path = APIKey.swift; sourceTree = "<group>"; };
		6E5148572B69111A00D5E3E0 /* BaseViewController.swift */ = {isa = PBXFileReference; lastKnownFileType = sourcecode.swift; path = BaseViewController.swift; sourceTree = "<group>"; };
		6E5148592B69176D00D5E3E0 /* BaseTableViewCell.swift */ = {isa = PBXFileReference; lastKnownFileType = sourcecode.swift; path = BaseTableViewCell.swift; sourceTree = "<group>"; };
		6E51485B2B69196200D5E3E0 /* BaseCollectionViewCell.swift */ = {isa = PBXFileReference; lastKnownFileType = sourcecode.swift; path = BaseCollectionViewCell.swift; sourceTree = "<group>"; };
		6E51485F2B691A6D00D5E3E0 /* HomeViewController.swift */ = {isa = PBXFileReference; lastKnownFileType = sourcecode.swift; path = HomeViewController.swift; sourceTree = "<group>"; };
		6E5148672B693D5B00D5E3E0 /* RouterManager.swift */ = {isa = PBXFileReference; lastKnownFileType = sourcecode.swift; path = RouterManager.swift; sourceTree = "<group>"; };
		6E51486A2B693E1B00D5E3E0 /* Model.swift */ = {isa = PBXFileReference; lastKnownFileType = sourcecode.swift; path = Model.swift; sourceTree = "<group>"; };
		6E51486D2B693F5200D5E3E0 /* Constant.swift */ = {isa = PBXFileReference; lastKnownFileType = sourcecode.swift; path = Constant.swift; sourceTree = "<group>"; };
		6E51486F2B69418E00D5E3E0 /* TV.swift */ = {isa = PBXFileReference; lastKnownFileType = sourcecode.swift; path = TV.swift; sourceTree = "<group>"; };
		6E5148712B69456200D5E3E0 /* APIManager.swift */ = {isa = PBXFileReference; lastKnownFileType = sourcecode.swift; path = APIManager.swift; sourceTree = "<group>"; };
		6E5148732B69496000D5E3E0 /* DTO.swift */ = {isa = PBXFileReference; lastKnownFileType = sourcecode.swift; path = DTO.swift; sourceTree = "<group>"; };
		6E5148792B69516200D5E3E0 /* PosterImageView.swift */ = {isa = PBXFileReference; lastKnownFileType = sourcecode.swift; path = PosterImageView.swift; sourceTree = "<group>"; };
		6E51487B2B6951AD00D5E3E0 /* PrimaryLabel.swift */ = {isa = PBXFileReference; lastKnownFileType = sourcecode.swift; path = PrimaryLabel.swift; sourceTree = "<group>"; };
		6E51487D2B69526B00D5E3E0 /* SecondaryLabel.swift */ = {isa = PBXFileReference; lastKnownFileType = sourcecode.swift; path = SecondaryLabel.swift; sourceTree = "<group>"; };
		6E51487F2B6952D300D5E3E0 /* UIView.swift */ = {isa = PBXFileReference; lastKnownFileType = sourcecode.swift; path = UIView.swift; sourceTree = "<group>"; };
		6E5148922B6A1C9D00D5E3E0 /* CoordinatorError.swift */ = {isa = PBXFileReference; lastKnownFileType = sourcecode.swift; path = CoordinatorError.swift; sourceTree = "<group>"; };
		6E5148942B6A1CD000D5E3E0 /* AppError.swift */ = {isa = PBXFileReference; lastKnownFileType = sourcecode.swift; path = AppError.swift; sourceTree = "<group>"; };
		6E5148972B6A1CFC00D5E3E0 /* LogManager.swift */ = {isa = PBXFileReference; lastKnownFileType = sourcecode.swift; path = LogManager.swift; sourceTree = "<group>"; };
		6E5148992B6A286900D5E3E0 /* AFError+.swift */ = {isa = PBXFileReference; lastKnownFileType = sourcecode.swift; path = "AFError+.swift"; sourceTree = "<group>"; };
		6E51489B2B6A2A2400D5E3E0 /* Coordinator.swift */ = {isa = PBXFileReference; lastKnownFileType = sourcecode.swift; path = Coordinator.swift; sourceTree = "<group>"; };
		6E51489D2B6A2A7700D5E3E0 /* UIAlertController+.swift */ = {isa = PBXFileReference; lastKnownFileType = sourcecode.swift; path = "UIAlertController+.swift"; sourceTree = "<group>"; };
		6E5148A02B6A318600D5E3E0 /* MainTabBarCoordinator.swift */ = {isa = PBXFileReference; lastKnownFileType = sourcecode.swift; path = MainTabBarCoordinator.swift; sourceTree = "<group>"; };
		6E5148A22B6A318D00D5E3E0 /* MainTabBarPage.swift */ = {isa = PBXFileReference; lastKnownFileType = sourcecode.swift; path = MainTabBarPage.swift; sourceTree = "<group>"; };
		6E5148A42B6A33B800D5E3E0 /* AppCoordinator.swift */ = {isa = PBXFileReference; lastKnownFileType = sourcecode.swift; path = AppCoordinator.swift; sourceTree = "<group>"; };
		6E5148A72B6A36EE00D5E3E0 /* HomeCoordinator.swift */ = {isa = PBXFileReference; lastKnownFileType = sourcecode.swift; path = HomeCoordinator.swift; sourceTree = "<group>"; };
		6E9520D62B6E758500AFED18 /* String+.swift */ = {isa = PBXFileReference; lastKnownFileType = sourcecode.swift; path = "String+.swift"; sourceTree = "<group>"; };
		6E9520D82B6E766500AFED18 /* UIViewController+.swift */ = {isa = PBXFileReference; lastKnownFileType = sourcecode.swift; path = "UIViewController+.swift"; sourceTree = "<group>"; };
		6E9520DA2B6E7B9A00AFED18 /* Cast.swift */ = {isa = PBXFileReference; lastKnownFileType = sourcecode.swift; path = Cast.swift; sourceTree = "<group>"; };
		6E9520DD2B6E8DA000AFED18 /* CastCollectionViewCell.swift */ = {isa = PBXFileReference; lastKnownFileType = sourcecode.swift; path = CastCollectionViewCell.swift; sourceTree = "<group>"; };
		6E9520DF2B6F320200AFED18 /* DisplayableCollection.swift */ = {isa = PBXFileReference; lastKnownFileType = sourcecode.swift; path = DisplayableCollection.swift; sourceTree = "<group>"; };
		6E9520E12B6FDE4800AFED18 /* Array+.swift */ = {isa = PBXFileReference; lastKnownFileType = sourcecode.swift; path = "Array+.swift"; sourceTree = "<group>"; };
		6E9520E42B6FDF9700AFED18 /* Collection.swift */ = {isa = PBXFileReference; lastKnownFileType = sourcecode.swift; path = Collection.swift; sourceTree = "<group>"; };
		6E9520E82B6FE43900AFED18 /* TVDetailCoordinator.swift */ = {isa = PBXFileReference; lastKnownFileType = sourcecode.swift; path = TVDetailCoordinator.swift; sourceTree = "<group>"; };
		6E9521022B70BCB100AFED18 /* SessionAPIManager.swift */ = {isa = PBXFileReference; lastKnownFileType = sourcecode.swift; path = SessionAPIManager.swift; sourceTree = "<group>"; };
		6E9521042B70CFF400AFED18 /* GCDManager.swift */ = {isa = PBXFileReference; lastKnownFileType = sourcecode.swift; path = GCDManager.swift; sourceTree = "<group>"; };
		6EB692D82B6A3DB300EFA959 /* SearchRouter.swift */ = {isa = PBXFileReference; lastKnownFileType = sourcecode.swift; path = SearchRouter.swift; sourceTree = "<group>"; };
		6EB692DB2B6A531300EFA959 /* SearchCoordinator.swift */ = {isa = PBXFileReference; lastKnownFileType = sourcecode.swift; path = SearchCoordinator.swift; sourceTree = "<group>"; };
		6EB692DD2B6A536300EFA959 /* SearchViewController.swift */ = {isa = PBXFileReference; lastKnownFileType = sourcecode.swift; path = SearchViewController.swift; sourceTree = "<group>"; };
		6EB692E12B6A5EB300EFA959 /* SearchTVTableViewCell.swift */ = {isa = PBXFileReference; lastKnownFileType = sourcecode.swift; path = SearchTVTableViewCell.swift; sourceTree = "<group>"; };
		6EB692E62B6B172600EFA959 /* TVDetailViewController.swift */ = {isa = PBXFileReference; lastKnownFileType = sourcecode.swift; path = TVDetailViewController.swift; sourceTree = "<group>"; };
		6EB692EA2B6B180C00EFA959 /* BaseView.swift */ = {isa = PBXFileReference; lastKnownFileType = sourcecode.swift; path = BaseView.swift; sourceTree = "<group>"; };
		6EB692F62B6BB73400EFA959 /* TVDetail.swift */ = {isa = PBXFileReference; lastKnownFileType = sourcecode.swift; path = TVDetail.swift; sourceTree = "<group>"; };
		6EB692F82B6BB8B000EFA959 /* TVSummaryView.swift */ = {isa = PBXFileReference; lastKnownFileType = sourcecode.swift; path = TVSummaryView.swift; sourceTree = "<group>"; };
		6EB692FE2B6BBA0A00EFA959 /* UIControllable.swift */ = {isa = PBXFileReference; lastKnownFileType = sourcecode.swift; path = UIControllable.swift; sourceTree = "<group>"; };
		6EB693002B6BBB2700EFA959 /* TertiaryLabel.swift */ = {isa = PBXFileReference; lastKnownFileType = sourcecode.swift; path = TertiaryLabel.swift; sourceTree = "<group>"; };
		6EB693022B6BC68F00EFA959 /* UIImageView+.swift */ = {isa = PBXFileReference; lastKnownFileType = sourcecode.swift; path = "UIImageView+.swift"; sourceTree = "<group>"; };
		6EB693062B6BF79300EFA959 /* TVCollectionViewCell.swift */ = {isa = PBXFileReference; fileEncoding = 4; lastKnownFileType = sourcecode.swift; path = TVCollectionViewCell.swift; sourceTree = "<group>"; };
		6EB693072B6BF79300EFA959 /* CollectionTableViewCell.swift */ = {isa = PBXFileReference; fileEncoding = 4; lastKnownFileType = sourcecode.swift; path = CollectionTableViewCell.swift; sourceTree = "<group>"; };
/* End PBXFileReference section */

/* Begin PBXFrameworksBuildPhase section */
		6E1F00362B68DD9300EF388A /* Frameworks */ = {
			isa = PBXFrameworksBuildPhase;
			buildActionMask = 2147483647;
			files = (
				6E9520F52B70B35E00AFED18 /* SnapKit in Frameworks */,
				6E9520EF2B70B34A00AFED18 /* Kingfisher in Frameworks */,
				6E9520F22B70B35400AFED18 /* Alamofire in Frameworks */,
				6E9521002B70B91800AFED18 /* SnapKit-Dynamic in Frameworks */,
			);
			runOnlyForDeploymentPostprocessing = 0;
		};
/* End PBXFrameworksBuildPhase section */

/* Begin PBXGroup section */
		6E1F00302B68DD9300EF388A = {
			isa = PBXGroup;
			children = (
				6E1F003B2B68DD9300EF388A /* SeSAC-Mission-Media */,
				6E1F003A2B68DD9300EF388A /* Products */,
				6E9520FA2B70B46600AFED18 /* Frameworks */,
			);
			sourceTree = "<group>";
		};
		6E1F003A2B68DD9300EF388A /* Products */ = {
			isa = PBXGroup;
			children = (
				6E1F00392B68DD9300EF388A /* SeSAC-Mission-Media.app */,
			);
			name = Products;
			sourceTree = "<group>";
		};
		6E1F003B2B68DD9300EF388A /* SeSAC-Mission-Media */ = {
			isa = PBXGroup;
			children = (
				6E1F005A2B68E2DC00EF388A /* App */,
				6E1F005B2B68E2DE00EF388A /* Config */,
				6E1F005C2B68E2E000EF388A /* Data */,
				6E1F005F2B68E2E800EF388A /* Presenter */,
				6E1F005E2B68E2E400EF388A /* Resource */,
				6E1F00602B68E2EC00EF388A /* Utility */,
			);
			path = "SeSAC-Mission-Media";
			sourceTree = "<group>";
		};
		6E1F005A2B68E2DC00EF388A /* App */ = {
			isa = PBXGroup;
			children = (
				6E1F003C2B68DD9300EF388A /* AppDelegate.swift */,
				6E1F003E2B68DD9300EF388A /* SceneDelegate.swift */,
				6E5148942B6A1CD000D5E3E0 /* AppError.swift */,
				6E5148A42B6A33B800D5E3E0 /* AppCoordinator.swift */,
			);
			path = App;
			sourceTree = "<group>";
		};
		6E1F005B2B68E2DE00EF388A /* Config */ = {
			isa = PBXGroup;
			children = (
				6E1F004A2B68DD9400EF388A /* Info.plist */,
				6E5148522B690ED600D5E3E0 /* APIKey.swift */,
			);
			path = Config;
			sourceTree = "<group>";
		};
		6E1F005C2B68E2E000EF388A /* Data */ = {
			isa = PBXGroup;
			children = (
				6E5148692B693DEE00D5E3E0 /* Model */,
				6E5148492B68EA3700D5E3E0 /* Network */,
			);
			path = Data;
			sourceTree = "<group>";
		};
		6E1F005D2B68E2E200EF388A /* Router */ = {
			isa = PBXGroup;
			children = (
				6E51484B2B68EB0300D5E3E0 /* Router.swift */,
				6E5148672B693D5B00D5E3E0 /* RouterManager.swift */,
				6EB692D82B6A3DB300EFA959 /* SearchRouter.swift */,
				6E5148472B68E8EE00D5E3E0 /* TrendRouter.swift */,
				6E1F00612B68E4DD00EF388A /* TVRouter.swift */,
			);
			path = Router;
			sourceTree = "<group>";
		};
		6E1F005E2B68E2E400EF388A /* Resource */ = {
			isa = PBXGroup;
			children = (
				6E1F00472B68DD9400EF388A /* LaunchScreen.storyboard */,
				6E1F00452B68DD9400EF388A /* Assets.xcassets */,
			);
			path = Resource;
			sourceTree = "<group>";
		};
		6E1F005F2B68E2E800EF388A /* Presenter */ = {
			isa = PBXGroup;
			children = (
				6E5148542B69110600D5E3E0 /* Common */,
				6E51485D2B6919FC00D5E3E0 /* Main */,
			);
			path = Presenter;
			sourceTree = "<group>";
		};
		6E1F00602B68E2EC00EF388A /* Utility */ = {
			isa = PBXGroup;
			children = (
				6E5148962B6A1CF700D5E3E0 /* Manager */,
				6E51486C2B693F4C00D5E3E0 /* Constant */,
				6E51484D2B68EC3000D5E3E0 /* Extension */,
			);
			path = Utility;
			sourceTree = "<group>";
		};
		6E5148492B68EA3700D5E3E0 /* Network */ = {
			isa = PBXGroup;
			children = (
				6E1F005D2B68E2E200EF388A /* Router */,
				6E5148712B69456200D5E3E0 /* APIManager.swift */,
				6E9521022B70BCB100AFED18 /* SessionAPIManager.swift */,
			);
			path = Network;
			sourceTree = "<group>";
		};
		6E51484D2B68EC3000D5E3E0 /* Extension */ = {
			isa = PBXGroup;
			children = (
				6E5148992B6A286900D5E3E0 /* AFError+.swift */,
				6E9520E12B6FDE4800AFED18 /* Array+.swift */,
				6E51484E2B68EC3A00D5E3E0 /* Configurator+.swift */,
				6E9520D62B6E758500AFED18 /* String+.swift */,
				6E51489D2B6A2A7700D5E3E0 /* UIAlertController+.swift */,
				6EB693022B6BC68F00EFA959 /* UIImageView+.swift */,
				6E51487F2B6952D300D5E3E0 /* UIView.swift */,
				6E9520D82B6E766500AFED18 /* UIViewController+.swift */,
			);
			path = Extension;
			sourceTree = "<group>";
		};
		6E5148542B69110600D5E3E0 /* Common */ = {
			isa = PBXGroup;
			children = (
				6E9520E32B6FDF8500AFED18 /* Enumeration */,
				6E5148912B6A1C9200D5E3E0 /* Coordinator */,
				6E5148772B6950A100D5E3E0 /* Protocol */,
				6E5148552B69110D00D5E3E0 /* Base */,
				6E5148782B69515200D5E3E0 /* ReusableView */,
			);
			path = Common;
			sourceTree = "<group>";
		};
		6E5148552B69110D00D5E3E0 /* Base */ = {
			isa = PBXGroup;
			children = (
				6E5148572B69111A00D5E3E0 /* BaseViewController.swift */,
				6E5148592B69176D00D5E3E0 /* BaseTableViewCell.swift */,
				6E51485B2B69196200D5E3E0 /* BaseCollectionViewCell.swift */,
				6EB692EA2B6B180C00EFA959 /* BaseView.swift */,
			);
			path = Base;
			sourceTree = "<group>";
		};
		6E51485D2B6919FC00D5E3E0 /* Main */ = {
			isa = PBXGroup;
			children = (
				6E9520E62B6FE29F00AFED18 /* TabBar */,
				6E9520DC2B6E8D6A00AFED18 /* Cell */,
				6EB692E32B6B16C200EFA959 /* TVDetail */,
			);
			path = Main;
			sourceTree = "<group>";
		};
		6E51485E2B691A1600D5E3E0 /* Home */ = {
			isa = PBXGroup;
			children = (
				6E5148A62B6A36E600D5E3E0 /* Coordinator */,
				6E51485F2B691A6D00D5E3E0 /* HomeViewController.swift */,
			);
			path = Home;
			sourceTree = "<group>";
		};
		6E5148692B693DEE00D5E3E0 /* Model */ = {
			isa = PBXGroup;
			children = (
				6E5148732B69496000D5E3E0 /* DTO.swift */,
				6E51486A2B693E1B00D5E3E0 /* Model.swift */,
				6E51486F2B69418E00D5E3E0 /* TV.swift */,
				6EB692F62B6BB73400EFA959 /* TVDetail.swift */,
				6E9520DA2B6E7B9A00AFED18 /* Cast.swift */,
			);
			path = Model;
			sourceTree = "<group>";
		};
		6E51486C2B693F4C00D5E3E0 /* Constant */ = {
			isa = PBXGroup;
			children = (
				6E51486D2B693F5200D5E3E0 /* Constant.swift */,
			);
			path = Constant;
			sourceTree = "<group>";
		};
		6E5148772B6950A100D5E3E0 /* Protocol */ = {
			isa = PBXGroup;
			children = (
				6EB692FE2B6BBA0A00EFA959 /* UIControllable.swift */,
				6E9520DF2B6F320200AFED18 /* DisplayableCollection.swift */,
			);
			path = Protocol;
			sourceTree = "<group>";
		};
		6E5148782B69515200D5E3E0 /* ReusableView */ = {
			isa = PBXGroup;
			children = (
				6E5148792B69516200D5E3E0 /* PosterImageView.swift */,
				6E51487B2B6951AD00D5E3E0 /* PrimaryLabel.swift */,
				6E51487D2B69526B00D5E3E0 /* SecondaryLabel.swift */,
				6EB693002B6BBB2700EFA959 /* TertiaryLabel.swift */,
			);
			path = ReusableView;
			sourceTree = "<group>";
		};
		6E5148912B6A1C9200D5E3E0 /* Coordinator */ = {
			isa = PBXGroup;
			children = (
				6E5148922B6A1C9D00D5E3E0 /* CoordinatorError.swift */,
				6E51489B2B6A2A2400D5E3E0 /* Coordinator.swift */,
			);
			path = Coordinator;
			sourceTree = "<group>";
		};
		6E5148962B6A1CF700D5E3E0 /* Manager */ = {
			isa = PBXGroup;
			children = (
				6E5148972B6A1CFC00D5E3E0 /* LogManager.swift */,
				6E9521042B70CFF400AFED18 /* GCDManager.swift */,
			);
			path = Manager;
			sourceTree = "<group>";
		};
		6E51489F2B6A317300D5E3E0 /* Coordinator */ = {
			isa = PBXGroup;
			children = (
				6E5148A02B6A318600D5E3E0 /* MainTabBarCoordinator.swift */,
				6E5148A22B6A318D00D5E3E0 /* MainTabBarPage.swift */,
			);
			path = Coordinator;
			sourceTree = "<group>";
		};
		6E5148A62B6A36E600D5E3E0 /* Coordinator */ = {
			isa = PBXGroup;
			children = (
				6E5148A72B6A36EE00D5E3E0 /* HomeCoordinator.swift */,
			);
			path = Coordinator;
			sourceTree = "<group>";
		};
		6E9520DC2B6E8D6A00AFED18 /* Cell */ = {
			isa = PBXGroup;
			children = (
				6EB693072B6BF79300EFA959 /* CollectionTableViewCell.swift */,
				6EB693062B6BF79300EFA959 /* TVCollectionViewCell.swift */,
				6E9520DD2B6E8DA000AFED18 /* CastCollectionViewCell.swift */,
			);
			path = Cell;
			sourceTree = "<group>";
		};
		6E9520E32B6FDF8500AFED18 /* Enumeration */ = {
			isa = PBXGroup;
			children = (
				6E9520E42B6FDF9700AFED18 /* Collection.swift */,
			);
			path = Enumeration;
			sourceTree = "<group>";
		};
		6E9520E62B6FE29F00AFED18 /* TabBar */ = {
			isa = PBXGroup;
			children = (
				6E51489F2B6A317300D5E3E0 /* Coordinator */,
				6E51485E2B691A1600D5E3E0 /* Home */,
				6EB692D52B6A3D3100EFA959 /* Search */,
			);
			path = TabBar;
			sourceTree = "<group>";
		};
		6E9520E72B6FE42E00AFED18 /* Coordinator */ = {
			isa = PBXGroup;
			children = (
				6E9520E82B6FE43900AFED18 /* TVDetailCoordinator.swift */,
			);
			path = Coordinator;
			sourceTree = "<group>";
		};
		6E9520FA2B70B46600AFED18 /* Frameworks */ = {
			isa = PBXGroup;
			children = (
			);
			name = Frameworks;
			sourceTree = "<group>";
		};
		6EB692D52B6A3D3100EFA959 /* Search */ = {
			isa = PBXGroup;
			children = (
				6EB692DA2B6A530000EFA959 /* Coordinator */,
				6EB692DD2B6A536300EFA959 /* SearchViewController.swift */,
				6EB692E12B6A5EB300EFA959 /* SearchTVTableViewCell.swift */,
			);
			path = Search;
			sourceTree = "<group>";
		};
		6EB692DA2B6A530000EFA959 /* Coordinator */ = {
			isa = PBXGroup;
			children = (
				6EB692DB2B6A531300EFA959 /* SearchCoordinator.swift */,
			);
			path = Coordinator;
			sourceTree = "<group>";
		};
		6EB692E32B6B16C200EFA959 /* TVDetail */ = {
			isa = PBXGroup;
			children = (
				6E9520E72B6FE42E00AFED18 /* Coordinator */,
				6EB692E62B6B172600EFA959 /* TVDetailViewController.swift */,
				6EB692F82B6BB8B000EFA959 /* TVSummaryView.swift */,
			);
			path = TVDetail;
			sourceTree = "<group>";
		};
/* End PBXGroup section */

/* Begin PBXNativeTarget section */
		6E1F00382B68DD9300EF388A /* SeSAC-Mission-Media */ = {
			isa = PBXNativeTarget;
			buildConfigurationList = 6E1F004D2B68DD9400EF388A /* Build configuration list for PBXNativeTarget "SeSAC-Mission-Media" */;
			buildPhases = (
				6E1F00352B68DD9300EF388A /* Sources */,
				6E1F00362B68DD9300EF388A /* Frameworks */,
				6E1F00372B68DD9300EF388A /* Resources */,
				6E9520F92B70B37B00AFED18 /* Embed Frameworks */,
			);
			buildRules = (
			);
			dependencies = (
			);
			name = "SeSAC-Mission-Media";
			packageProductDependencies = (
				6E9520EE2B70B34A00AFED18 /* Kingfisher */,
				6E9520F12B70B35400AFED18 /* Alamofire */,
				6E9520F42B70B35E00AFED18 /* SnapKit */,
				6E9520FF2B70B91800AFED18 /* SnapKit-Dynamic */,
			);
			productName = "SeSAC-Mission-Movie";
			productReference = 6E1F00392B68DD9300EF388A /* SeSAC-Mission-Media.app */;
			productType = "com.apple.product-type.application";
		};
/* End PBXNativeTarget section */

/* Begin PBXProject section */
		6E1F00312B68DD9300EF388A /* Project object */ = {
			isa = PBXProject;
			attributes = {
				BuildIndependentTargetsInParallel = 1;
				LastSwiftUpdateCheck = 1520;
				LastUpgradeCheck = 1520;
				TargetAttributes = {
					6E1F00382B68DD9300EF388A = {
						CreatedOnToolsVersion = 15.2;
					};
				};
			};
			buildConfigurationList = 6E1F00342B68DD9300EF388A /* Build configuration list for PBXProject "SeSAC-Mission-Media" */;
			compatibilityVersion = "Xcode 14.0";
			developmentRegion = en;
			hasScannedForEncodings = 0;
			knownRegions = (
				en,
				Base,
			);
			mainGroup = 6E1F00302B68DD9300EF388A;
			packageReferences = (
				6E9520ED2B70B34A00AFED18 /* XCRemoteSwiftPackageReference "Kingfisher" */,
				6E9520F02B70B35400AFED18 /* XCRemoteSwiftPackageReference "Alamofire" */,
				6E9520F32B70B35E00AFED18 /* XCRemoteSwiftPackageReference "SnapKit" */,
			);
			productRefGroup = 6E1F003A2B68DD9300EF388A /* Products */;
			projectDirPath = "";
			projectRoot = "";
			targets = (
				6E1F00382B68DD9300EF388A /* SeSAC-Mission-Media */,
			);
		};
/* End PBXProject section */

/* Begin PBXResourcesBuildPhase section */
		6E1F00372B68DD9300EF388A /* Resources */ = {
			isa = PBXResourcesBuildPhase;
			buildActionMask = 2147483647;
			files = (
				6E1F00492B68DD9400EF388A /* LaunchScreen.storyboard in Resources */,
				6E1F00462B68DD9400EF388A /* Assets.xcassets in Resources */,
			);
			runOnlyForDeploymentPostprocessing = 0;
		};
/* End PBXResourcesBuildPhase section */

/* Begin PBXSourcesBuildPhase section */
		6E1F00352B68DD9300EF388A /* Sources */ = {
			isa = PBXSourcesBuildPhase;
			buildActionMask = 2147483647;
			files = (
				6E51486B2B693E1B00D5E3E0 /* Model.swift in Sources */,
				6EB693092B6BF79300EFA959 /* CollectionTableViewCell.swift in Sources */,
				6E5148482B68E8EE00D5E3E0 /* TrendRouter.swift in Sources */,
				6E9521032B70BCB100AFED18 /* SessionAPIManager.swift in Sources */,
				6E5148A52B6A33B800D5E3E0 /* AppCoordinator.swift in Sources */,
				6E51489C2B6A2A2400D5E3E0 /* Coordinator.swift in Sources */,
				6EB692DE2B6A536300EFA959 /* SearchViewController.swift in Sources */,
				6E5148702B69418E00D5E3E0 /* TV.swift in Sources */,
				6E5148932B6A1C9D00D5E3E0 /* CoordinatorError.swift in Sources */,
				6E5148532B690ED600D5E3E0 /* APIKey.swift in Sources */,
				6E9520DE2B6E8DA000AFED18 /* CastCollectionViewCell.swift in Sources */,
				6E51486E2B693F5200D5E3E0 /* Constant.swift in Sources */,
				6E5148682B693D5B00D5E3E0 /* RouterManager.swift in Sources */,
				6E1F00622B68E4DD00EF388A /* TVRouter.swift in Sources */,
				6E1F003D2B68DD9300EF388A /* AppDelegate.swift in Sources */,
				6EB693032B6BC68F00EFA959 /* UIImageView+.swift in Sources */,
				6E9520D92B6E766500AFED18 /* UIViewController+.swift in Sources */,
				6EB692F92B6BB8B000EFA959 /* TVSummaryView.swift in Sources */,
				6EB692D92B6A3DB300EFA959 /* SearchRouter.swift in Sources */,
				6E5148A82B6A36EE00D5E3E0 /* HomeCoordinator.swift in Sources */,
				6E5148A12B6A318600D5E3E0 /* MainTabBarCoordinator.swift in Sources */,
				6E51485A2B69176D00D5E3E0 /* BaseTableViewCell.swift in Sources */,
				6E51485C2B69196200D5E3E0 /* BaseCollectionViewCell.swift in Sources */,
				6E51484C2B68EB0300D5E3E0 /* Router.swift in Sources */,
				6E5148722B69456200D5E3E0 /* APIManager.swift in Sources */,
				6EB692E22B6A5EB300EFA959 /* SearchTVTableViewCell.swift in Sources */,
				6E5148742B69496000D5E3E0 /* DTO.swift in Sources */,
				6E51487C2B6951AD00D5E3E0 /* PrimaryLabel.swift in Sources */,
				6E5148802B6952D300D5E3E0 /* UIView.swift in Sources */,
				6E5148602B691A6D00D5E3E0 /* HomeViewController.swift in Sources */,
				6E5148582B69111A00D5E3E0 /* BaseViewController.swift in Sources */,
				6EB693012B6BBB2700EFA959 /* TertiaryLabel.swift in Sources */,
				6E9520E02B6F320200AFED18 /* DisplayableCollection.swift in Sources */,
				6EB693082B6BF79300EFA959 /* TVCollectionViewCell.swift in Sources */,
				6E9520DB2B6E7B9A00AFED18 /* Cast.swift in Sources */,
				6EB692E72B6B172600EFA959 /* TVDetailViewController.swift in Sources */,
				6E5148952B6A1CD000D5E3E0 /* AppError.swift in Sources */,
				6E9520E52B6FDF9700AFED18 /* Collection.swift in Sources */,
				6E51489E2B6A2A7700D5E3E0 /* UIAlertController+.swift in Sources */,
				6EB692FF2B6BBA0A00EFA959 /* UIControllable.swift in Sources */,
				6E51487E2B69526B00D5E3E0 /* SecondaryLabel.swift in Sources */,
				6E5148A32B6A318D00D5E3E0 /* MainTabBarPage.swift in Sources */,
				6EB692DC2B6A531300EFA959 /* SearchCoordinator.swift in Sources */,
				6E9520D72B6E758500AFED18 /* String+.swift in Sources */,
				6E51489A2B6A286900D5E3E0 /* AFError+.swift in Sources */,
				6E5148982B6A1CFC00D5E3E0 /* LogManager.swift in Sources */,
				6E51484F2B68EC3A00D5E3E0 /* Configurator+.swift in Sources */,
				6EB692EB2B6B180C00EFA959 /* BaseView.swift in Sources */,
				6E51487A2B69516200D5E3E0 /* PosterImageView.swift in Sources */,
				6E9521052B70CFF400AFED18 /* GCDManager.swift in Sources */,
				6E1F003F2B68DD9300EF388A /* SceneDelegate.swift in Sources */,
				6E9520E92B6FE43900AFED18 /* TVDetailCoordinator.swift in Sources */,
				6EB692F72B6BB73400EFA959 /* TVDetail.swift in Sources */,
				6E9520E22B6FDE4800AFED18 /* Array+.swift in Sources */,
			);
			runOnlyForDeploymentPostprocessing = 0;
		};
/* End PBXSourcesBuildPhase section */

/* Begin PBXVariantGroup section */
		6E1F00472B68DD9400EF388A /* LaunchScreen.storyboard */ = {
			isa = PBXVariantGroup;
			children = (
				6E1F00482B68DD9400EF388A /* Base */,
			);
			name = LaunchScreen.storyboard;
			sourceTree = "<group>";
		};
/* End PBXVariantGroup section */

/* Begin XCBuildConfiguration section */
		6E1F004B2B68DD9400EF388A /* Debug */ = {
			isa = XCBuildConfiguration;
			buildSettings = {
				ALWAYS_SEARCH_USER_PATHS = NO;
				ASSETCATALOG_COMPILER_GENERATE_SWIFT_ASSET_SYMBOL_EXTENSIONS = YES;
				CLANG_ANALYZER_NONNULL = YES;
				CLANG_ANALYZER_NUMBER_OBJECT_CONVERSION = YES_AGGRESSIVE;
				CLANG_CXX_LANGUAGE_STANDARD = "gnu++20";
				CLANG_ENABLE_MODULES = YES;
				CLANG_ENABLE_OBJC_ARC = YES;
				CLANG_ENABLE_OBJC_WEAK = YES;
				CLANG_WARN_BLOCK_CAPTURE_AUTORELEASING = YES;
				CLANG_WARN_BOOL_CONVERSION = YES;
				CLANG_WARN_COMMA = YES;
				CLANG_WARN_CONSTANT_CONVERSION = YES;
				CLANG_WARN_DEPRECATED_OBJC_IMPLEMENTATIONS = YES;
				CLANG_WARN_DIRECT_OBJC_ISA_USAGE = YES_ERROR;
				CLANG_WARN_DOCUMENTATION_COMMENTS = YES;
				CLANG_WARN_EMPTY_BODY = YES;
				CLANG_WARN_ENUM_CONVERSION = YES;
				CLANG_WARN_INFINITE_RECURSION = YES;
				CLANG_WARN_INT_CONVERSION = YES;
				CLANG_WARN_NON_LITERAL_NULL_CONVERSION = YES;
				CLANG_WARN_OBJC_IMPLICIT_RETAIN_SELF = YES;
				CLANG_WARN_OBJC_LITERAL_CONVERSION = YES;
				CLANG_WARN_OBJC_ROOT_CLASS = YES_ERROR;
				CLANG_WARN_QUOTED_INCLUDE_IN_FRAMEWORK_HEADER = YES;
				CLANG_WARN_RANGE_LOOP_ANALYSIS = YES;
				CLANG_WARN_STRICT_PROTOTYPES = YES;
				CLANG_WARN_SUSPICIOUS_MOVE = YES;
				CLANG_WARN_UNGUARDED_AVAILABILITY = YES_AGGRESSIVE;
				CLANG_WARN_UNREACHABLE_CODE = YES;
				CLANG_WARN__DUPLICATE_METHOD_MATCH = YES;
				COPY_PHASE_STRIP = NO;
				DEBUG_INFORMATION_FORMAT = dwarf;
				ENABLE_STRICT_OBJC_MSGSEND = YES;
				ENABLE_TESTABILITY = YES;
				ENABLE_USER_SCRIPT_SANDBOXING = YES;
				GCC_C_LANGUAGE_STANDARD = gnu17;
				GCC_DYNAMIC_NO_PIC = NO;
				GCC_NO_COMMON_BLOCKS = YES;
				GCC_OPTIMIZATION_LEVEL = 0;
				GCC_PREPROCESSOR_DEFINITIONS = (
					"DEBUG=1",
					"$(inherited)",
				);
				GCC_WARN_64_TO_32_BIT_CONVERSION = YES;
				GCC_WARN_ABOUT_RETURN_TYPE = YES_ERROR;
				GCC_WARN_UNDECLARED_SELECTOR = YES;
				GCC_WARN_UNINITIALIZED_AUTOS = YES_AGGRESSIVE;
				GCC_WARN_UNUSED_FUNCTION = YES;
				GCC_WARN_UNUSED_VARIABLE = YES;
				IPHONEOS_DEPLOYMENT_TARGET = 17.2;
				LOCALIZATION_PREFERS_STRING_CATALOGS = YES;
				MTL_ENABLE_DEBUG_INFO = INCLUDE_SOURCE;
				MTL_FAST_MATH = YES;
				ONLY_ACTIVE_ARCH = YES;
				SDKROOT = iphoneos;
				SWIFT_ACTIVE_COMPILATION_CONDITIONS = "DEBUG $(inherited)";
				SWIFT_OPTIMIZATION_LEVEL = "-Onone";
			};
			name = Debug;
		};
		6E1F004C2B68DD9400EF388A /* Release */ = {
			isa = XCBuildConfiguration;
			buildSettings = {
				ALWAYS_SEARCH_USER_PATHS = NO;
				ASSETCATALOG_COMPILER_GENERATE_SWIFT_ASSET_SYMBOL_EXTENSIONS = YES;
				CLANG_ANALYZER_NONNULL = YES;
				CLANG_ANALYZER_NUMBER_OBJECT_CONVERSION = YES_AGGRESSIVE;
				CLANG_CXX_LANGUAGE_STANDARD = "gnu++20";
				CLANG_ENABLE_MODULES = YES;
				CLANG_ENABLE_OBJC_ARC = YES;
				CLANG_ENABLE_OBJC_WEAK = YES;
				CLANG_WARN_BLOCK_CAPTURE_AUTORELEASING = YES;
				CLANG_WARN_BOOL_CONVERSION = YES;
				CLANG_WARN_COMMA = YES;
				CLANG_WARN_CONSTANT_CONVERSION = YES;
				CLANG_WARN_DEPRECATED_OBJC_IMPLEMENTATIONS = YES;
				CLANG_WARN_DIRECT_OBJC_ISA_USAGE = YES_ERROR;
				CLANG_WARN_DOCUMENTATION_COMMENTS = YES;
				CLANG_WARN_EMPTY_BODY = YES;
				CLANG_WARN_ENUM_CONVERSION = YES;
				CLANG_WARN_INFINITE_RECURSION = YES;
				CLANG_WARN_INT_CONVERSION = YES;
				CLANG_WARN_NON_LITERAL_NULL_CONVERSION = YES;
				CLANG_WARN_OBJC_IMPLICIT_RETAIN_SELF = YES;
				CLANG_WARN_OBJC_LITERAL_CONVERSION = YES;
				CLANG_WARN_OBJC_ROOT_CLASS = YES_ERROR;
				CLANG_WARN_QUOTED_INCLUDE_IN_FRAMEWORK_HEADER = YES;
				CLANG_WARN_RANGE_LOOP_ANALYSIS = YES;
				CLANG_WARN_STRICT_PROTOTYPES = YES;
				CLANG_WARN_SUSPICIOUS_MOVE = YES;
				CLANG_WARN_UNGUARDED_AVAILABILITY = YES_AGGRESSIVE;
				CLANG_WARN_UNREACHABLE_CODE = YES;
				CLANG_WARN__DUPLICATE_METHOD_MATCH = YES;
				COPY_PHASE_STRIP = NO;
				DEBUG_INFORMATION_FORMAT = "dwarf-with-dsym";
				ENABLE_NS_ASSERTIONS = NO;
				ENABLE_STRICT_OBJC_MSGSEND = YES;
				ENABLE_USER_SCRIPT_SANDBOXING = YES;
				GCC_C_LANGUAGE_STANDARD = gnu17;
				GCC_NO_COMMON_BLOCKS = YES;
				GCC_WARN_64_TO_32_BIT_CONVERSION = YES;
				GCC_WARN_ABOUT_RETURN_TYPE = YES_ERROR;
				GCC_WARN_UNDECLARED_SELECTOR = YES;
				GCC_WARN_UNINITIALIZED_AUTOS = YES_AGGRESSIVE;
				GCC_WARN_UNUSED_FUNCTION = YES;
				GCC_WARN_UNUSED_VARIABLE = YES;
				IPHONEOS_DEPLOYMENT_TARGET = 17.2;
				LOCALIZATION_PREFERS_STRING_CATALOGS = YES;
				MTL_ENABLE_DEBUG_INFO = NO;
				MTL_FAST_MATH = YES;
				SDKROOT = iphoneos;
				SWIFT_COMPILATION_MODE = wholemodule;
				VALIDATE_PRODUCT = YES;
			};
			name = Release;
		};
		6E1F004E2B68DD9400EF388A /* Debug */ = {
			isa = XCBuildConfiguration;
			buildSettings = {
				ASSETCATALOG_COMPILER_APPICON_NAME = AppIcon;
				ASSETCATALOG_COMPILER_GLOBAL_ACCENT_COLOR_NAME = AccentColor;
				CODE_SIGN_STYLE = Automatic;
				CURRENT_PROJECT_VERSION = 1;
				DEVELOPMENT_TEAM = 75QZ7682T2;
				GENERATE_INFOPLIST_FILE = YES;
				INFOPLIST_FILE = "SeSAC-Mission-Media/Config/Info.plist";
				INFOPLIST_KEY_UIApplicationSupportsIndirectInputEvents = YES;
				INFOPLIST_KEY_UILaunchStoryboardName = LaunchScreen;
				INFOPLIST_KEY_UISupportedInterfaceOrientations = UIInterfaceOrientationPortrait;
				LD_RUNPATH_SEARCH_PATHS = (
					"$(inherited)",
					"@executable_path/Frameworks",
				);
				MARKETING_VERSION = 1.0;
				PRODUCT_BUNDLE_IDENTIFIER = "com.Kaz.SeSAC-Mission-Media";
				PRODUCT_NAME = "$(TARGET_NAME)";
				SWIFT_EMIT_LOC_STRINGS = YES;
				SWIFT_VERSION = 5.0;
				TARGETED_DEVICE_FAMILY = "1,2";
			};
			name = Debug;
		};
		6E1F004F2B68DD9400EF388A /* Release */ = {
			isa = XCBuildConfiguration;
			buildSettings = {
				ASSETCATALOG_COMPILER_APPICON_NAME = AppIcon;
				ASSETCATALOG_COMPILER_GLOBAL_ACCENT_COLOR_NAME = AccentColor;
				CODE_SIGN_STYLE = Automatic;
				CURRENT_PROJECT_VERSION = 1;
				DEVELOPMENT_TEAM = 75QZ7682T2;
				GENERATE_INFOPLIST_FILE = YES;
				INFOPLIST_FILE = "SeSAC-Mission-Media/Config/Info.plist";
				INFOPLIST_KEY_UIApplicationSupportsIndirectInputEvents = YES;
				INFOPLIST_KEY_UILaunchStoryboardName = LaunchScreen;
				INFOPLIST_KEY_UISupportedInterfaceOrientations = UIInterfaceOrientationPortrait;
				LD_RUNPATH_SEARCH_PATHS = (
					"$(inherited)",
					"@executable_path/Frameworks",
				);
				MARKETING_VERSION = 1.0;
				PRODUCT_BUNDLE_IDENTIFIER = "com.Kaz.SeSAC-Mission-Media";
				PRODUCT_NAME = "$(TARGET_NAME)";
				SWIFT_EMIT_LOC_STRINGS = YES;
				SWIFT_VERSION = 5.0;
				TARGETED_DEVICE_FAMILY = "1,2";
			};
			name = Release;
		};
/* End XCBuildConfiguration section */

/* Begin XCConfigurationList section */
		6E1F00342B68DD9300EF388A /* Build configuration list for PBXProject "SeSAC-Mission-Media" */ = {
			isa = XCConfigurationList;
			buildConfigurations = (
				6E1F004B2B68DD9400EF388A /* Debug */,
				6E1F004C2B68DD9400EF388A /* Release */,
			);
			defaultConfigurationIsVisible = 0;
			defaultConfigurationName = Release;
		};
		6E1F004D2B68DD9400EF388A /* Build configuration list for PBXNativeTarget "SeSAC-Mission-Media" */ = {
			isa = XCConfigurationList;
			buildConfigurations = (
				6E1F004E2B68DD9400EF388A /* Debug */,
				6E1F004F2B68DD9400EF388A /* Release */,
			);
			defaultConfigurationIsVisible = 0;
			defaultConfigurationName = Release;
		};
/* End XCConfigurationList section */

/* Begin XCRemoteSwiftPackageReference section */
		6E9520ED2B70B34A00AFED18 /* XCRemoteSwiftPackageReference "Kingfisher" */ = {
			isa = XCRemoteSwiftPackageReference;
			repositoryURL = "https://github.com/onevcat/Kingfisher";
			requirement = {
				kind = upToNextMajorVersion;
				minimumVersion = 7.10.2;
			};
		};
		6E9520F02B70B35400AFED18 /* XCRemoteSwiftPackageReference "Alamofire" */ = {
			isa = XCRemoteSwiftPackageReference;
			repositoryURL = "https://github.com/Alamofire/Alamofire";
			requirement = {
				kind = upToNextMajorVersion;
				minimumVersion = 5.8.1;
			};
		};
		6E9520F32B70B35E00AFED18 /* XCRemoteSwiftPackageReference "SnapKit" */ = {
			isa = XCRemoteSwiftPackageReference;
			repositoryURL = "https://github.com/SnapKit/SnapKit";
			requirement = {
				kind = upToNextMajorVersion;
				minimumVersion = 5.7.0;
			};
		};
/* End XCRemoteSwiftPackageReference section */

/* Begin XCSwiftPackageProductDependency section */
		6E9520EE2B70B34A00AFED18 /* Kingfisher */ = {
			isa = XCSwiftPackageProductDependency;
			package = 6E9520ED2B70B34A00AFED18 /* XCRemoteSwiftPackageReference "Kingfisher" */;
			productName = Kingfisher;
		};
		6E9520F12B70B35400AFED18 /* Alamofire */ = {
			isa = XCSwiftPackageProductDependency;
			package = 6E9520F02B70B35400AFED18 /* XCRemoteSwiftPackageReference "Alamofire" */;
			productName = Alamofire;
		};
		6E9520F42B70B35E00AFED18 /* SnapKit */ = {
			isa = XCSwiftPackageProductDependency;
			package = 6E9520F32B70B35E00AFED18 /* XCRemoteSwiftPackageReference "SnapKit" */;
			productName = SnapKit;
		};
		6E9520FF2B70B91800AFED18 /* SnapKit-Dynamic */ = {
			isa = XCSwiftPackageProductDependency;
			package = 6E9520F32B70B35E00AFED18 /* XCRemoteSwiftPackageReference "SnapKit" */;
			productName = "SnapKit-Dynamic";
		};
/* End XCSwiftPackageProductDependency section */
	};
	rootObject = 6E1F00312B68DD9300EF388A /* Project object */;
}
